
Microsoft Visual Studio Solution File, Format Version 12.00
# Visual Studio 2013
VisualStudioVersion = 12.0.21005.1
MinimumVisualStudioVersion = 10.0.40219.1
Project("{8BC9CEB8-8B4A-11D0-8D11-00A0C91BC942}") = "Lab5 Ray Tracing", "Lab5 Ray Tracing\Lab5 Ray Tracing.vcxproj", "{65A68113-B312-4878-A42A-26E39892F3ED}"
EndProject
Global
	GlobalSection(SolutionConfigurationPlatforms) = preSolution
		Debug|Win32 = Debug|Win32
		Release|Win32 = Release|Win32
	EndGlobalSection
	GlobalSection(ProjectConfigurationPlatforms) = postSolution
		{65A68113-B312-4878-A42A-26E39892F3ED}.Debug|Win32.ActiveCfg = Debug|Win32
		{65A68113-B312-4878-A42A-26E39892F3ED}.Debug|Win32.Build.0 = Debug|Win32
		{65A68113-B312-4878-A42A-26E39892F3ED}.Release|Win32.ActiveCfg = Release|Win32
		{65A68113-B312-4878-A42A-26E39892F3ED}.Release|Win32.Build.0 = Release|Win32
	EndGlobalSection
	GlobalSection(SolutionProperties) = preSolution
		HideSolutionNode = FALSE
	EndGlobalSection
EndGlobal
